
Microsoft Visual Studio Solution File, Format Version 12.00
# Visual Studio Version 17
VisualStudioVersion = 17.7.34031.279
MinimumVisualStudioVersion = 10.0.40219.1
Project("{FAE04EC0-301F-11D3-BF4B-00C04F79EFBC}") = "MIDTERMS_GROUPSOMETHING", "MIDTERMS_GROUPSOMETHING\MIDTERMS_GROUPSOMETHING.csproj", "{67097FA7-298F-45AF-AC4D-85DBECFAAB18}"
EndProject
Global
	GlobalSection(SolutionConfigurationPlatforms) = preSolution
		Debug|Any CPU = Debug|Any CPU
		Release|Any CPU = Release|Any CPU
	EndGlobalSection
	GlobalSection(ProjectConfigurationPlatforms) = postSolution
		{67097FA7-298F-45AF-AC4D-85DBECFAAB18}.Debug|Any CPU.ActiveCfg = Debug|Any CPU
		{67097FA7-298F-45AF-AC4D-85DBECFAAB18}.Debug|Any CPU.Build.0 = Debug|Any CPU
		{67097FA7-298F-45AF-AC4D-85DBECFAAB18}.Release|Any CPU.ActiveCfg = Release|Any CPU
		{67097FA7-298F-45AF-AC4D-85DBECFAAB18}.Release|Any CPU.Build.0 = Release|Any CPU
	EndGlobalSection
	GlobalSection(SolutionProperties) = preSolution
		HideSolutionNode = FALSE
	EndGlobalSection
	GlobalSection(ExtensibilityGlobals) = postSolution
		SolutionGuid = {95F9A2B9-2743-4373-9B54-C80BE596A54C}
	EndGlobalSection
EndGlobal
